
Microsoft Visual Studio Solution File, Format Version 12.00
# Visual Studio Version 17
VisualStudioVersion = 17.4.33205.214
MinimumVisualStudioVersion = 10.0.40219.1
Project("{FAE04EC0-301F-11D3-BF4B-00C04F79EFBC}") = "TddKata", "TddKata\TddKata.csproj", "{476FC4FE-0843-4089-9540-88316A433BD4}"
EndProject
Project("{FAE04EC0-301F-11D3-BF4B-00C04F79EFBC}") = "TddKataCalc", "TddKataCalc\TddKataCalc.csproj", "{A62C3E0B-DC66-4309-8745-E6593AE01AA3}"
EndProject
Global
	GlobalSection(SolutionConfigurationPlatforms) = preSolution
		Debug|Any CPU = Debug|Any CPU
		Release|Any CPU = Release|Any CPU
	EndGlobalSection
	GlobalSection(ProjectConfigurationPlatforms) = postSolution
		{476FC4FE-0843-4089-9540-88316A433BD4}.Debug|Any CPU.ActiveCfg = Debug|Any CPU
		{476FC4FE-0843-4089-9540-88316A433BD4}.Debug|Any CPU.Build.0 = Debug|Any CPU
		{476FC4FE-0843-4089-9540-88316A433BD4}.Release|Any CPU.ActiveCfg = Release|Any CPU
		{476FC4FE-0843-4089-9540-88316A433BD4}.Release|Any CPU.Build.0 = Release|Any CPU
		{A62C3E0B-DC66-4309-8745-E6593AE01AA3}.Debug|Any CPU.ActiveCfg = Debug|Any CPU
		{A62C3E0B-DC66-4309-8745-E6593AE01AA3}.Debug|Any CPU.Build.0 = Debug|Any CPU
		{A62C3E0B-DC66-4309-8745-E6593AE01AA3}.Release|Any CPU.ActiveCfg = Release|Any CPU
		{A62C3E0B-DC66-4309-8745-E6593AE01AA3}.Release|Any CPU.Build.0 = Release|Any CPU
	EndGlobalSection
	GlobalSection(SolutionProperties) = preSolution
		HideSolutionNode = FALSE
	EndGlobalSection
	GlobalSection(ExtensibilityGlobals) = postSolution
		SolutionGuid = {BCF9C71A-502F-400A-B1CC-4DFC58A6F306}
	EndGlobalSection
EndGlobal
